
Microsoft Visual Studio Solution File, Format Version 12.00
# Visual Studio Version 16
VisualStudioVersion = 16.0.31624.102
MinimumVisualStudioVersion = 10.0.40219.1
Project("{FAE04EC0-301F-11D3-BF4B-00C04F79EFBC}") = "Day2", "Day2\Day2.csproj", "{63FA43C6-E59D-4DFF-968E-31D0BA4F5512}"
EndProject
Global
	GlobalSection(SolutionConfigurationPlatforms) = preSolution
		Debug|Any CPU = Debug|Any CPU
		Release|Any CPU = Release|Any CPU
	EndGlobalSection
	GlobalSection(ProjectConfigurationPlatforms) = postSolution
		{63FA43C6-E59D-4DFF-968E-31D0BA4F5512}.Debug|Any CPU.ActiveCfg = Debug|Any CPU
		{63FA43C6-E59D-4DFF-968E-31D0BA4F5512}.Debug|Any CPU.Build.0 = Debug|Any CPU
		{63FA43C6-E59D-4DFF-968E-31D0BA4F5512}.Release|Any CPU.ActiveCfg = Release|Any CPU
		{63FA43C6-E59D-4DFF-968E-31D0BA4F5512}.Release|Any CPU.Build.0 = Release|Any CPU
	EndGlobalSection
	GlobalSection(SolutionProperties) = preSolution
		HideSolutionNode = FALSE
	EndGlobalSection
	GlobalSection(ExtensibilityGlobals) = postSolution
		SolutionGuid = {74C80FC3-54FC-44A6-BE48-B8B184117428}
	EndGlobalSection
EndGlobal
